// !$*UTF8*$!
{
	archiveVersion = 1;
	classes = {
	};
	objectVersion = 46;
	objects = {

/* Begin PBXBuildFile section */
		D79B82BC1EC9DD5400B42AF7 /* AppDelegate.swift in Sources */ = {isa = PBXBuildFile; fileRef = D79B82BB1EC9DD5400B42AF7 /* AppDelegate.swift */; };
		D79B82BE1EC9DD5400B42AF7 /* ViewController.swift in Sources */ = {isa = PBXBuildFile; fileRef = D79B82BD1EC9DD5400B42AF7 /* ViewController.swift */; };
		D79B82C11EC9DD5400B42AF7 /* Main.storyboard in Resources */ = {isa = PBXBuildFile; fileRef = D79B82BF1EC9DD5400B42AF7 /* Main.storyboard */; };
		D79B82C31EC9DD5400B42AF7 /* Assets.xcassets in Resources */ = {isa = PBXBuildFile; fileRef = D79B82C21EC9DD5400B42AF7 /* Assets.xcassets */; };
		D79B82C61EC9DD5400B42AF7 /* LaunchScreen.storyboard in Resources */ = {isa = PBXBuildFile; fileRef = D79B82C41EC9DD5400B42AF7 /* LaunchScreen.storyboard */; };
		D79B82DE1EC9DD8A00B42AF7 /* SelectionSort.swift in Sources */ = {isa = PBXBuildFile; fileRef = D79B82DD1EC9DD8A00B42AF7 /* SelectionSort.swift */; };
		D79B82E01EC9DDCE00B42AF7 /* SelectionSortTestcase.swift in Sources */ = {isa = PBXBuildFile; fileRef = D79B82DF1EC9DDCE00B42AF7 /* SelectionSortTestcase.swift */; };
/* End PBXBuildFile section */

/* Begin PBXContainerItemProxy section */
		D79B82CD1EC9DD5400B42AF7 /* PBXContainerItemProxy */ = {
			isa = PBXContainerItemProxy;
			containerPortal = D79B82B01EC9DD5400B42AF7 /* Project object */;
			proxyType = 1;
			remoteGlobalIDString = D79B82B71EC9DD5400B42AF7;
			remoteInfo = DifferentAlgorithmsImplementations;
		};
/* End PBXContainerItemProxy section */

/* Begin PBXFileReference section */
		D79B82B81EC9DD5400B42AF7 /* DifferentAlgorithmsImplementations.app */ = {isa = PBXFileReference; explicitFileType = wrapper.application; includeInIndex = 0; path = DifferentAlgorithmsImplementations.app; sourceTree = BUILT_PRODUCTS_DIR; };
		D79B82BB1EC9DD5400B42AF7 /* AppDelegate.swift */ = {isa = PBXFileReference; lastKnownFileType = sourcecode.swift; path = AppDelegate.swift; sourceTree = "<group>"; };
		D79B82BD1EC9DD5400B42AF7 /* ViewController.swift */ = {isa = PBXFileReference; lastKnownFileType = sourcecode.swift; path = ViewController.swift; sourceTree = "<group>"; };
		D79B82C01EC9DD5400B42AF7 /* Base */ = {isa = PBXFileReference; lastKnownFileType = file.storyboard; name = Base; path = Base.lproj/Main.storyboard; sourceTree = "<group>"; };
		D79B82C21EC9DD5400B42AF7 /* Assets.xcassets */ = {isa = PBXFileReference; lastKnownFileType = folder.assetcatalog; path = Assets.xcassets; sourceTree = "<group>"; };
		D79B82C51EC9DD5400B42AF7 /* Base */ = {isa = PBXFileReference; lastKnownFileType = file.storyboard; name = Base; path = Base.lproj/LaunchScreen.storyboard; sourceTree = "<group>"; };
		D79B82C71EC9DD5400B42AF7 /* Info.plist */ = {isa = PBXFileReference; lastKnownFileType = text.plist.xml; path = Info.plist; sourceTree = "<group>"; };
		D79B82CC1EC9DD5400B42AF7 /* DifferentAlgorithmsImplementationsTests.xctest */ = {isa = PBXFileReference; explicitFileType = wrapper.cfbundle; includeInIndex = 0; path = DifferentAlgorithmsImplementationsTests.xctest; sourceTree = BUILT_PRODUCTS_DIR; };
		D79B82D21EC9DD5400B42AF7 /* Info.plist */ = {isa = PBXFileReference; lastKnownFileType = text.plist.xml; path = Info.plist; sourceTree = "<group>"; };
		D79B82DD1EC9DD8A00B42AF7 /* SelectionSort.swift */ = {isa = PBXFileReference; fileEncoding = 4; lastKnownFileType = sourcecode.swift; path = SelectionSort.swift; sourceTree = "<group>"; };
		D79B82DF1EC9DDCE00B42AF7 /* SelectionSortTestcase.swift */ = {isa = PBXFileReference; fileEncoding = 4; lastKnownFileType = sourcecode.swift; path = SelectionSortTestcase.swift; sourceTree = "<group>"; };
/* End PBXFileReference section */

/* Begin PBXFrameworksBuildPhase section */
		D79B82B51EC9DD5400B42AF7 /* Frameworks */ = {
			isa = PBXFrameworksBuildPhase;
			buildActionMask = 2147483647;
			files = (
			);
			runOnlyForDeploymentPostprocessing = 0;
		};
		D79B82C91EC9DD5400B42AF7 /* Frameworks */ = {
			isa = PBXFrameworksBuildPhase;
			buildActionMask = 2147483647;
			files = (
			);
			runOnlyForDeploymentPostprocessing = 0;
		};
/* End PBXFrameworksBuildPhase section */

/* Begin PBXGroup section */
		D79B82AF1EC9DD5400B42AF7 = {
			isa = PBXGroup;
			children = (
				D79B82BA1EC9DD5400B42AF7 /* DifferentAlgorithmsImplementations */,
				D79B82CF1EC9DD5400B42AF7 /* DifferentAlgorithmsImplementationsTests */,
				D79B82B91EC9DD5400B42AF7 /* Products */,
			);
			sourceTree = "<group>";
		};
		D79B82B91EC9DD5400B42AF7 /* Products */ = {
			isa = PBXGroup;
			children = (
				D79B82B81EC9DD5400B42AF7 /* DifferentAlgorithmsImplementations.app */,
				D79B82CC1EC9DD5400B42AF7 /* DifferentAlgorithmsImplementationsTests.xctest */,
			);
			name = Products;
			sourceTree = "<group>";
		};
		D79B82BA1EC9DD5400B42AF7 /* DifferentAlgorithmsImplementations */ = {
			isa = PBXGroup;
			children = (
				D79B82DB1EC9DD7900B42AF7 /* Core */,
				D79B82BB1EC9DD5400B42AF7 /* AppDelegate.swift */,
				D79B82BD1EC9DD5400B42AF7 /* ViewController.swift */,
				D79B82BF1EC9DD5400B42AF7 /* Main.storyboard */,
				D79B82C21EC9DD5400B42AF7 /* Assets.xcassets */,
				D79B82C41EC9DD5400B42AF7 /* LaunchScreen.storyboard */,
				D79B82C71EC9DD5400B42AF7 /* Info.plist */,
			);
			path = DifferentAlgorithmsImplementations;
			sourceTree = "<group>";
		};
		D79B82CF1EC9DD5400B42AF7 /* DifferentAlgorithmsImplementationsTests */ = {
			isa = PBXGroup;
			children = (
				D79B82DF1EC9DDCE00B42AF7 /* SelectionSortTestcase.swift */,
				D79B82D21EC9DD5400B42AF7 /* Info.plist */,
			);
			path = DifferentAlgorithmsImplementationsTests;
			sourceTree = "<group>";
		};
		D79B82DB1EC9DD7900B42AF7 /* Core */ = {
			isa = PBXGroup;
			children = (
				D79B82DC1EC9DD7900B42AF7 /* SortingAlgorithms */,
			);
			path = Core;
			sourceTree = "<group>";
		};
		D79B82DC1EC9DD7900B42AF7 /* SortingAlgorithms */ = {
			isa = PBXGroup;
			children = (
				D79B82DD1EC9DD8A00B42AF7 /* SelectionSort.swift */,
			);
			path = SortingAlgorithms;
			sourceTree = "<group>";
		};
/* End PBXGroup section */

/* Begin PBXNativeTarget section */
		D79B82B71EC9DD5400B42AF7 /* DifferentAlgorithmsImplementations */ = {
			isa = PBXNativeTarget;
			buildConfigurationList = D79B82D51EC9DD5400B42AF7 /* Build configuration list for PBXNativeTarget "DifferentAlgorithmsImplementations" */;
			buildPhases = (
				D79B82B41EC9DD5400B42AF7 /* Sources */,
				D79B82B51EC9DD5400B42AF7 /* Frameworks */,
				D79B82B61EC9DD5400B42AF7 /* Resources */,
			);
			buildRules = (
			);
			dependencies = (
			);
			name = DifferentAlgorithmsImplementations;
			productName = DifferentAlgorithmsImplementations;
			productReference = D79B82B81EC9DD5400B42AF7 /* DifferentAlgorithmsImplementations.app */;
			productType = "com.apple.product-type.application";
		};
		D79B82CB1EC9DD5400B42AF7 /* DifferentAlgorithmsImplementationsTests */ = {
			isa = PBXNativeTarget;
			buildConfigurationList = D79B82D81EC9DD5400B42AF7 /* Build configuration list for PBXNativeTarget "DifferentAlgorithmsImplementationsTests" */;
			buildPhases = (
				D79B82C81EC9DD5400B42AF7 /* Sources */,
				D79B82C91EC9DD5400B42AF7 /* Frameworks */,
				D79B82CA1EC9DD5400B42AF7 /* Resources */,
			);
			buildRules = (
			);
			dependencies = (
				D79B82CE1EC9DD5400B42AF7 /* PBXTargetDependency */,
			);
			name = DifferentAlgorithmsImplementationsTests;
			productName = DifferentAlgorithmsImplementationsTests;
			productReference = D79B82CC1EC9DD5400B42AF7 /* DifferentAlgorithmsImplementationsTests.xctest */;
			productType = "com.apple.product-type.bundle.unit-test";
		};
/* End PBXNativeTarget section */

/* Begin PBXProject section */
		D79B82B01EC9DD5400B42AF7 /* Project object */ = {
			isa = PBXProject;
			attributes = {
				LastSwiftUpdateCheck = 0830;
				LastUpgradeCheck = 0830;
				ORGANIZATIONNAME = easy;
				TargetAttributes = {
					D79B82B71EC9DD5400B42AF7 = {
						CreatedOnToolsVersion = 8.3.2;
						ProvisioningStyle = Automatic;
					};
					D79B82CB1EC9DD5400B42AF7 = {
						CreatedOnToolsVersion = 8.3.2;
						ProvisioningStyle = Automatic;
						TestTargetID = D79B82B71EC9DD5400B42AF7;
					};
				};
			};
			buildConfigurationList = D79B82B31EC9DD5400B42AF7 /* Build configuration list for PBXProject "DifferentAlgorithmsImplementations" */;
			compatibilityVersion = "Xcode 3.2";
			developmentRegion = English;
			hasScannedForEncodings = 0;
			knownRegions = (
				en,
				Base,
			);
			mainGroup = D79B82AF1EC9DD5400B42AF7;
			productRefGroup = D79B82B91EC9DD5400B42AF7 /* Products */;
			projectDirPath = "";
			projectRoot = "";
			targets = (
				D79B82B71EC9DD5400B42AF7 /* DifferentAlgorithmsImplementations */,
				D79B82CB1EC9DD5400B42AF7 /* DifferentAlgorithmsImplementationsTests */,
			);
		};
/* End PBXProject section */

/* Begin PBXResourcesBuildPhase section */
		D79B82B61EC9DD5400B42AF7 /* Resources */ = {
			isa = PBXResourcesBuildPhase;
			buildActionMask = 2147483647;
			files = (
				D79B82C61EC9DD5400B42AF7 /* LaunchScreen.storyboard in Resources */,
				D79B82C31EC9DD5400B42AF7 /* Assets.xcassets in Resources */,
				D79B82C11EC9DD5400B42AF7 /* Main.storyboard in Resources */,
			);
			runOnlyForDeploymentPostprocessing = 0;
		};
		D79B82CA1EC9DD5400B42AF7 /* Resources */ = {
			isa = PBXResourcesBuildPhase;
			buildActionMask = 2147483647;
			files = (
			);
			runOnlyForDeploymentPostprocessing = 0;
		};
/* End PBXResourcesBuildPhase section */

/* Begin PBXSourcesBuildPhase section */
		D79B82B41EC9DD5400B42AF7 /* Sources */ = {
			isa = PBXSourcesBuildPhase;
			buildActionMask = 2147483647;
			files = (
				D79B82BE1EC9DD5400B42AF7 /* ViewController.swift in Sources */,
				D79B82DE1EC9DD8A00B42AF7 /* SelectionSort.swift in Sources */,
				D79B82BC1EC9DD5400B42AF7 /* AppDelegate.swift in Sources */,
			);
			runOnlyForDeploymentPostprocessing = 0;
		};
		D79B82C81EC9DD5400B42AF7 /* Sources */ = {
			isa = PBXSourcesBuildPhase;
			buildActionMask = 2147483647;
			files = (
				D79B82E01EC9DDCE00B42AF7 /* SelectionSortTestcase.swift in Sources */,
			);
			runOnlyForDeploymentPostprocessing = 0;
		};
/* End PBXSourcesBuildPhase section */

/* Begin PBXTargetDependency section */
		D79B82CE1EC9DD5400B42AF7 /* PBXTargetDependency */ = {
			isa = PBXTargetDependency;
			target = D79B82B71EC9DD5400B42AF7 /* DifferentAlgorithmsImplementations */;
			targetProxy = D79B82CD1EC9DD5400B42AF7 /* PBXContainerItemProxy */;
		};
/* End PBXTargetDependency section */

/* Begin PBXVariantGroup section */
		D79B82BF1EC9DD5400B42AF7 /* Main.storyboard */ = {
			isa = PBXVariantGroup;
			children = (
				D79B82C01EC9DD5400B42AF7 /* Base */,
			);
			name = Main.storyboard;
			sourceTree = "<group>";
		};
		D79B82C41EC9DD5400B42AF7 /* LaunchScreen.storyboard */ = {
			isa = PBXVariantGroup;
			children = (
				D79B82C51EC9DD5400B42AF7 /* Base */,
			);
			name = LaunchScreen.storyboard;
			sourceTree = "<group>";
		};
/* End PBXVariantGroup section */

/* Begin XCBuildConfiguration section */
		D79B82D31EC9DD5400B42AF7 /* Debug */ = {
			isa = XCBuildConfiguration;
			buildSettings = {
				ALWAYS_SEARCH_USER_PATHS = NO;
				CLANG_ANALYZER_NONNULL = YES;
				CLANG_ANALYZER_NUMBER_OBJECT_CONVERSION = YES_AGGRESSIVE;
				CLANG_CXX_LANGUAGE_STANDARD = "gnu++0x";
				CLANG_CXX_LIBRARY = "libc++";
				CLANG_ENABLE_MODULES = YES;
				CLANG_ENABLE_OBJC_ARC = YES;
				CLANG_WARN_BOOL_CONVERSION = YES;
				CLANG_WARN_CONSTANT_CONVERSION = YES;
				CLANG_WARN_DIRECT_OBJC_ISA_USAGE = YES_ERROR;
				CLANG_WARN_DOCUMENTATION_COMMENTS = YES;
				CLANG_WARN_EMPTY_BODY = YES;
				CLANG_WARN_ENUM_CONVERSION = YES;
				CLANG_WARN_INFINITE_RECURSION = YES;
				CLANG_WARN_INT_CONVERSION = YES;
				CLANG_WARN_OBJC_ROOT_CLASS = YES_ERROR;
				CLANG_WARN_SUSPICIOUS_MOVE = YES;
				CLANG_WARN_UNREACHABLE_CODE = YES;
				CLANG_WARN__DUPLICATE_METHOD_MATCH = YES;
				"CODE_SIGN_IDENTITY[sdk=iphoneos*]" = "iPhone Developer";
				COPY_PHASE_STRIP = NO;
				DEBUG_INFORMATION_FORMAT = dwarf;
				ENABLE_STRICT_OBJC_MSGSEND = YES;
				ENABLE_TESTABILITY = YES;
				GCC_C_LANGUAGE_STANDARD = gnu99;
				GCC_DYNAMIC_NO_PIC = NO;
				GCC_NO_COMMON_BLOCKS = YES;
				GCC_OPTIMIZATION_LEVEL = 0;
				GCC_PREPROCESSOR_DEFINITIONS = (
					"DEBUG=1",
					"$(inherited)",
				);
				GCC_WARN_64_TO_32_BIT_CONVERSION = YES;
				GCC_WARN_ABOUT_RETURN_TYPE = YES_ERROR;
				GCC_WARN_UNDECLARED_SELECTOR = YES;
				GCC_WARN_UNINITIALIZED_AUTOS = YES_AGGRESSIVE;
				GCC_WARN_UNUSED_FUNCTION = YES;
				GCC_WARN_UNUSED_VARIABLE = YES;
				IPHONEOS_DEPLOYMENT_TARGET = 10.3;
				MTL_ENABLE_DEBUG_INFO = YES;
				ONLY_ACTIVE_ARCH = YES;
				SDKROOT = iphoneos;
				SWIFT_ACTIVE_COMPILATION_CONDITIONS = DEBUG;
				SWIFT_OPTIMIZATION_LEVEL = "-Onone";
				TARGETED_DEVICE_FAMILY = "1,2";
			};
			name = Debug;
		};
		D79B82D41EC9DD5400B42AF7 /* Release */ = {
			isa = XCBuildConfiguration;
			buildSettings = {
				ALWAYS_SEARCH_USER_PATHS = NO;
				CLANG_ANALYZER_NONNULL = YES;
				CLANG_ANALYZER_NUMBER_OBJECT_CONVERSION = YES_AGGRESSIVE;
				CLANG_CXX_LANGUAGE_STANDARD = "gnu++0x";
				CLANG_CXX_LIBRARY = "libc++";
				CLANG_ENABLE_MODULES = YES;
				CLANG_ENABLE_OBJC_ARC = YES;
				CLANG_WARN_BOOL_CONVERSION = YES;
				CLANG_WARN_CONSTANT_CONVERSION = YES;
				CLANG_WARN_DIRECT_OBJC_ISA_USAGE = YES_ERROR;
				CLANG_WARN_DOCUMENTATION_COMMENTS = YES;
				CLANG_WARN_EMPTY_BODY = YES;
				CLANG_WARN_ENUM_CONVERSION = YES;
				CLANG_WARN_INFINITE_RECURSION = YES;
				CLANG_WARN_INT_CONVERSION = YES;
				CLANG_WARN_OBJC_ROOT_CLASS = YES_ERROR;
				CLANG_WARN_SUSPICIOUS_MOVE = YES;
				CLANG_WARN_UNREACHABLE_CODE = YES;
				CLANG_WARN__DUPLICATE_METHOD_MATCH = YES;
				"CODE_SIGN_IDENTITY[sdk=iphoneos*]" = "iPhone Developer";
				COPY_PHASE_STRIP = NO;
				DEBUG_INFORMATION_FORMAT = "dwarf-with-dsym";
				ENABLE_NS_ASSERTIONS = NO;
				ENABLE_STRICT_OBJC_MSGSEND = YES;
				GCC_C_LANGUAGE_STANDARD = gnu99;
				GCC_NO_COMMON_BLOCKS = YES;
				GCC_WARN_64_TO_32_BIT_CONVERSION = YES;
				GCC_WARN_ABOUT_RETURN_TYPE = YES_ERROR;
				GCC_WARN_UNDECLARED_SELECTOR = YES;
				GCC_WARN_UNINITIALIZED_AUTOS = YES_AGGRESSIVE;
				GCC_WARN_UNUSED_FUNCTION = YES;
				GCC_WARN_UNUSED_VARIABLE = YES;
				IPHONEOS_DEPLOYMENT_TARGET = 10.3;
				MTL_ENABLE_DEBUG_INFO = NO;
				SDKROOT = iphoneos;
				SWIFT_OPTIMIZATION_LEVEL = "-Owholemodule";
				TARGETED_DEVICE_FAMILY = "1,2";
				VALIDATE_PRODUCT = YES;
			};
			name = Release;
		};
		D79B82D61EC9DD5400B42AF7 /* Debug */ = {
			isa = XCBuildConfiguration;
			buildSettings = {
				ASSETCATALOG_COMPILER_APPICON_NAME = AppIcon;
				INFOPLIST_FILE = DifferentAlgorithmsImplementations/Info.plist;
				LD_RUNPATH_SEARCH_PATHS = "$(inherited) @executable_path/Frameworks";
				PRODUCT_BUNDLE_IDENTIFIER = com.easy.DifferentAlgorithmsImplementations;
				PRODUCT_NAME = "$(TARGET_NAME)";
				SWIFT_VERSION = 3.0;
			};
			name = Debug;
		};
		D79B82D71EC9DD5400B42AF7 /* Release */ = {
			isa = XCBuildConfiguration;
			buildSettings = {
				ASSETCATALOG_COMPILER_APPICON_NAME = AppIcon;
				INFOPLIST_FILE = DifferentAlgorithmsImplementations/Info.plist;
				LD_RUNPATH_SEARCH_PATHS = "$(inherited) @executable_path/Frameworks";
				PRODUCT_BUNDLE_IDENTIFIER = com.easy.DifferentAlgorithmsImplementations;
				PRODUCT_NAME = "$(TARGET_NAME)";
				SWIFT_VERSION = 3.0;
			};
			name = Release;
		};
		D79B82D91EC9DD5400B42AF7 /* Debug */ = {
			isa = XCBuildConfiguration;
			buildSettings = {
				ALWAYS_EMBED_SWIFT_STANDARD_LIBRARIES = YES;
				BUNDLE_LOADER = "$(TEST_HOST)";
				INFOPLIST_FILE = DifferentAlgorithmsImplementationsTests/Info.plist;
				LD_RUNPATH_SEARCH_PATHS = "$(inherited) @executable_path/Frameworks @loader_path/Frameworks";
				PRODUCT_BUNDLE_IDENTIFIER = com.easy.DifferentAlgorithmsImplementationsTests;
				PRODUCT_NAME = "$(TARGET_NAME)";
				SWIFT_VERSION = 3.0;
				TEST_HOST = "$(BUILT_PRODUCTS_DIR)/DifferentAlgorithmsImplementations.app/DifferentAlgorithmsImplementations";
			};
			name = Debug;
		};
		D79B82DA1EC9DD5400B42AF7 /* Release */ = {
			isa = XCBuildConfiguration;
			buildSettings = {
				ALWAYS_EMBED_SWIFT_STANDARD_LIBRARIES = YES;
				BUNDLE_LOADER = "$(TEST_HOST)";
				INFOPLIST_FILE = DifferentAlgorithmsImplementationsTests/Info.plist;
				LD_RUNPATH_SEARCH_PATHS = "$(inherited) @executable_path/Frameworks @loader_path/Frameworks";
				PRODUCT_BUNDLE_IDENTIFIER = com.easy.DifferentAlgorithmsImplementationsTests;
				PRODUCT_NAME = "$(TARGET_NAME)";
				SWIFT_VERSION = 3.0;
				TEST_HOST = "$(BUILT_PRODUCTS_DIR)/DifferentAlgorithmsImplementations.app/DifferentAlgorithmsImplementations";
			};
			name = Release;
		};
/* End XCBuildConfiguration section */

/* Begin XCConfigurationList section */
		D79B82B31EC9DD5400B42AF7 /* Build configuration list for PBXProject "DifferentAlgorithmsImplementations" */ = {
			isa = XCConfigurationList;
			buildConfigurations = (
				D79B82D31EC9DD5400B42AF7 /* Debug */,
				D79B82D41EC9DD5400B42AF7 /* Release */,
			);
			defaultConfigurationIsVisible = 0;
			defaultConfigurationName = Release;
		};
		D79B82D51EC9DD5400B42AF7 /* Build configuration list for PBXNativeTarget "DifferentAlgorithmsImplementations" */ = {
			isa = XCConfigurationList;
			buildConfigurations = (
				D79B82D61EC9DD5400B42AF7 /* Debug */,
				D79B82D71EC9DD5400B42AF7 /* Release */,
			);
			defaultConfigurationIsVisible = 0;
		};
		D79B82D81EC9DD5400B42AF7 /* Build configuration list for PBXNativeTarget "DifferentAlgorithmsImplementationsTests" */ = {
			isa = XCConfigurationList;
			buildConfigurations = (
				D79B82D91EC9DD5400B42AF7 /* Debug */,
				D79B82DA1EC9DD5400B42AF7 /* Release */,
			);
			defaultConfigurationIsVisible = 0;
		};
/* End XCConfigurationList section */
	};
	rootObject = D79B82B01EC9DD5400B42AF7 /* Project object */;
}
